# THIS IS AN AUTOGENERATED FILE. DO NOT EDIT THIS FILE DIRECTLY.
# yarn lockfile v1


querystringify@0.0.x:
  version "0.0.4"
  resolved "https://registry.yarnpkg.com/querystringify/-/querystringify-0.0.4.tgz#0cf7f84f9463ff0ae51c4c4b142d95be37724d9c"

requires-port@1.0.x:
  version "1.0.0"
  resolved "https://registry.yarnpkg.com/requires-port/-/requires-port-1.0.0.tgz#925d2601d39ac485e091cf0da5c6e694dc3dcaff"

tslib@^1.6.0:
  version "1.6.0"
  resolved "https://registry.yarnpkg.com/tslib/-/tslib-1.6.0.tgz#cf36c93e02ae86a20fc131eae511162b869a6652"

tweed-typescript-config@^0.4.0:
  version "0.4.0"
  resolved "https://registry.yarnpkg.com/tweed-typescript-config/-/tweed-typescript-config-0.4.0.tgz#19c53570e70eb2aebdb679502088a9311d69ee4f"

typescript@^2.2.1:
  version "2.2.1"
  resolved "https://registry.yarnpkg.com/typescript/-/typescript-2.2.1.tgz#4862b662b988a4c8ff691cc7969622d24db76ae9"

url-parse@^1.1.8:
  version "1.1.8"
  resolved "https://registry.yarnpkg.com/url-parse/-/url-parse-1.1.8.tgz#7a65b3a8d57a1e86af6b4e2276e34774167c0156"
  dependencies:
    querystringify "0.0.x"
    requires-port "1.0.x"
